
Microsoft Visual Studio Solution File, Format Version 12.00
# Visual Studio Version 16
VisualStudioVersion = 16.0.30204.135
MinimumVisualStudioVersion = 10.0.40219.1
Project("{9A19103F-16F7-4668-BE54-9A1E7A4F7556}") = "Mina.NET.Core", "Mina.NET\Mina.NET.Core.csproj", "{64BD2695-9905-47FC-8893-0CC96AEDF90D}"
EndProject
Project("{2150E333-8FDC-42A3-9474-1A3956D46DE8}") = "Example", "Example", "{46FA3607-7BFD-443E-90C2-D6C58CE23CCB}"
EndProject
Project("{9A19103F-16F7-4668-BE54-9A1E7A4F7556}") = "Udp.NET.Core", "Mina.Example\Udp\Udp.NET.Core.csproj", "{4F8A9113-42ED-471F-AB2B-EA8E993EFD76}"
EndProject
Project("{9A19103F-16F7-4668-BE54-9A1E7A4F7556}") = "Tennis.NET.Core", "Mina.Example\Tennis\Tennis.NET.Core.csproj", "{7D9B5914-5D53-437B-B73D-01EA6AFBAB0A}"
EndProject
Project("{9A19103F-16F7-4668-BE54-9A1E7A4F7556}") = "SumUp.NET.Core", "Mina.Example\SumUp\SumUp.NET.Core.csproj", "{48D9133C-FEAE-4385-8897-BBA5A2D11FB2}"
EndProject
Project("{9A19103F-16F7-4668-BE54-9A1E7A4F7556}") = "Reverser.NET.Core", "Mina.Example\Reverser\Reverser.NET.Core.csproj", "{55B1A41F-45E5-49AA-8142-DD9027C2AEDB}"
EndProject
Project("{9A19103F-16F7-4668-BE54-9A1E7A4F7556}") = "NetCat.NET.Core", "Mina.Example\NetCat\NetCat.NET.Core.csproj", "{FE9A6BF3-99B9-4176-B241-7B4B5BD569F5}"
EndProject
Project("{9A19103F-16F7-4668-BE54-9A1E7A4F7556}") = "MulticastUDP.NET.Core", "Mina.Example\MulticastUDP\MulticastUDP.NET.Core.csproj", "{4E4653C6-8D5A-48A4-86D7-661C949BD9BC}"
EndProject
Project("{9A19103F-16F7-4668-BE54-9A1E7A4F7556}") = "Haiku.NET.Core", "Mina.Example\Haiku\Haiku.NET.Core.csproj", "{2A5394D2-0929-49CE-9185-791CA641C5D7}"
EndProject
Project("{9A19103F-16F7-4668-BE54-9A1E7A4F7556}") = "EchoServer.NET.Core", "Mina.Example\EchoServer\EchoServer.NET.Core.csproj", "{722BC1A0-35C3-4067-AAC9-5581413AF65D}"
EndProject
Project("{2150E333-8FDC-42A3-9474-1A3956D46DE8}") = "GettingStarted", "GettingStarted", "{FAA9AA9A-6AE9-4E1B-B6DB-B9B37EC1A95C}"
EndProject
Project("{9A19103F-16F7-4668-BE54-9A1E7A4F7556}") = "TimeServer.NET.Core", "Mina.Example\GettingStarted\TimeServer\TimeServer.NET.Core.csproj", "{DFB709E1-BC33-406E-A86B-C1533C19B13E}"
EndProject
Project("{9A19103F-16F7-4668-BE54-9A1E7A4F7556}") = "SerialShell.NET.Core", "Mina.Example\GettingStarted\SerialShell\SerialShell.NET.Core.csproj", "{10805663-6284-476A-878F-AD0F97A6CF5E}"
EndProject
Project("{2150E333-8FDC-42A3-9474-1A3956D46DE8}") = "Chat", "Chat", "{15877AEC-FE61-4D75-B0BB-7CE930A843C7}"
EndProject
Project("{9A19103F-16F7-4668-BE54-9A1E7A4F7556}") = "Server.NET.Core", "Mina.Example\Chat\Server\Server.NET.Core.csproj", "{3C09D40E-8AE7-4A89-A8AB-FEADDA0859E5}"
EndProject
Project("{9A19103F-16F7-4668-BE54-9A1E7A4F7556}") = "Client.NET.Core", "Mina.Example\Chat\Client\Client.NET.Core.csproj", "{42092100-5856-4533-A7E4-0685B1F91A73}"
EndProject
Project("{9A19103F-16F7-4668-BE54-9A1E7A4F7556}") = "Mina.NET.Core.Test", "Mina.Test\Mina.NET.Core.Test.csproj", "{F94CCE31-DAF9-4299-B514-1B34DACCB8A6}"
EndProject
Project("{2150E333-8FDC-42A3-9474-1A3956D46DE8}") = "Solution Items", "Solution Items", "{94549169-33A2-439D-8BEC-C62E0B3CED8D}"
	ProjectSection(SolutionItems) = preProject
		Directory.Build.props = Directory.Build.props
		Directory.Build.targets = Directory.Build.targets
	EndProjectSection
EndProject
Global
	GlobalSection(SolutionConfigurationPlatforms) = preSolution
		Debug|Any CPU = Debug|Any CPU
		Debug|x64 = Debug|x64
		Debug|x86 = Debug|x86
		Release|Any CPU = Release|Any CPU
		Release|x64 = Release|x64
		Release|x86 = Release|x86
	EndGlobalSection
	GlobalSection(ProjectConfigurationPlatforms) = postSolution
		{64BD2695-9905-47FC-8893-0CC96AEDF90D}.Debug|Any CPU.ActiveCfg = Debug|Any CPU
		{64BD2695-9905-47FC-8893-0CC96AEDF90D}.Debug|Any CPU.Build.0 = Debug|Any CPU
		{64BD2695-9905-47FC-8893-0CC96AEDF90D}.Debug|x64.ActiveCfg = Debug|x64
		{64BD2695-9905-47FC-8893-0CC96AEDF90D}.Debug|x64.Build.0 = Debug|x64
		{64BD2695-9905-47FC-8893-0CC96AEDF90D}.Debug|x86.ActiveCfg = Debug|x86
		{64BD2695-9905-47FC-8893-0CC96AEDF90D}.Debug|x86.Build.0 = Debug|x86
		{64BD2695-9905-47FC-8893-0CC96AEDF90D}.Release|Any CPU.ActiveCfg = Release|Any CPU
		{64BD2695-9905-47FC-8893-0CC96AEDF90D}.Release|Any CPU.Build.0 = Release|Any CPU
		{64BD2695-9905-47FC-8893-0CC96AEDF90D}.Release|x64.ActiveCfg = Release|x64
		{64BD2695-9905-47FC-8893-0CC96AEDF90D}.Release|x64.Build.0 = Release|x64
		{64BD2695-9905-47FC-8893-0CC96AEDF90D}.Release|x86.ActiveCfg = Release|x86
		{64BD2695-9905-47FC-8893-0CC96AEDF90D}.Release|x86.Build.0 = Release|x86
		{4F8A9113-42ED-471F-AB2B-EA8E993EFD76}.Debug|Any CPU.ActiveCfg = Debug|Any CPU
		{4F8A9113-42ED-471F-AB2B-EA8E993EFD76}.Debug|Any CPU.Build.0 = Debug|Any CPU
		{4F8A9113-42ED-471F-AB2B-EA8E993EFD76}.Debug|x64.ActiveCfg = Debug|x64
		{4F8A9113-42ED-471F-AB2B-EA8E993EFD76}.Debug|x64.Build.0 = Debug|x64
		{4F8A9113-42ED-471F-AB2B-EA8E993EFD76}.Debug|x86.ActiveCfg = Debug|x86
		{4F8A9113-42ED-471F-AB2B-EA8E993EFD76}.Debug|x86.Build.0 = Debug|x86
		{4F8A9113-42ED-471F-AB2B-EA8E993EFD76}.Release|Any CPU.ActiveCfg = Release|Any CPU
		{4F8A9113-42ED-471F-AB2B-EA8E993EFD76}.Release|Any CPU.Build.0 = Release|Any CPU
		{4F8A9113-42ED-471F-AB2B-EA8E993EFD76}.Release|x64.ActiveCfg = Release|x64
		{4F8A9113-42ED-471F-AB2B-EA8E993EFD76}.Release|x64.Build.0 = Release|x64
		{4F8A9113-42ED-471F-AB2B-EA8E993EFD76}.Release|x86.ActiveCfg = Release|x86
		{4F8A9113-42ED-471F-AB2B-EA8E993EFD76}.Release|x86.Build.0 = Release|x86
		{7D9B5914-5D53-437B-B73D-01EA6AFBAB0A}.Debug|Any CPU.ActiveCfg = Debug|Any CPU
		{7D9B5914-5D53-437B-B73D-01EA6AFBAB0A}.Debug|Any CPU.Build.0 = Debug|Any CPU
		{7D9B5914-5D53-437B-B73D-01EA6AFBAB0A}.Debug|x64.ActiveCfg = Debug|x64
		{7D9B5914-5D53-437B-B73D-01EA6AFBAB0A}.Debug|x64.Build.0 = Debug|x64
		{7D9B5914-5D53-437B-B73D-01EA6AFBAB0A}.Debug|x86.ActiveCfg = Debug|x86
		{7D9B5914-5D53-437B-B73D-01EA6AFBAB0A}.Debug|x86.Build.0 = Debug|x86
		{7D9B5914-5D53-437B-B73D-01EA6AFBAB0A}.Release|Any CPU.ActiveCfg = Release|Any CPU
		{7D9B5914-5D53-437B-B73D-01EA6AFBAB0A}.Release|Any CPU.Build.0 = Release|Any CPU
		{7D9B5914-5D53-437B-B73D-01EA6AFBAB0A}.Release|x64.ActiveCfg = Release|x64
		{7D9B5914-5D53-437B-B73D-01EA6AFBAB0A}.Release|x64.Build.0 = Release|x64
		{7D9B5914-5D53-437B-B73D-01EA6AFBAB0A}.Release|x86.ActiveCfg = Release|x86
		{7D9B5914-5D53-437B-B73D-01EA6AFBAB0A}.Release|x86.Build.0 = Release|x86
		{48D9133C-FEAE-4385-8897-BBA5A2D11FB2}.Debug|Any CPU.ActiveCfg = Debug|Any CPU
		{48D9133C-FEAE-4385-8897-BBA5A2D11FB2}.Debug|Any CPU.Build.0 = Debug|Any CPU
		{48D9133C-FEAE-4385-8897-BBA5A2D11FB2}.Debug|x64.ActiveCfg = Debug|x64
		{48D9133C-FEAE-4385-8897-BBA5A2D11FB2}.Debug|x64.Build.0 = Debug|x64
		{48D9133C-FEAE-4385-8897-BBA5A2D11FB2}.Debug|x86.ActiveCfg = Debug|x86
		{48D9133C-FEAE-4385-8897-BBA5A2D11FB2}.Debug|x86.Build.0 = Debug|x86
		{48D9133C-FEAE-4385-8897-BBA5A2D11FB2}.Release|Any CPU.ActiveCfg = Release|Any CPU
		{48D9133C-FEAE-4385-8897-BBA5A2D11FB2}.Release|Any CPU.Build.0 = Release|Any CPU
		{48D9133C-FEAE-4385-8897-BBA5A2D11FB2}.Release|x64.ActiveCfg = Release|x64
		{48D9133C-FEAE-4385-8897-BBA5A2D11FB2}.Release|x64.Build.0 = Release|x64
		{48D9133C-FEAE-4385-8897-BBA5A2D11FB2}.Release|x86.ActiveCfg = Release|x86
		{48D9133C-FEAE-4385-8897-BBA5A2D11FB2}.Release|x86.Build.0 = Release|x86
		{55B1A41F-45E5-49AA-8142-DD9027C2AEDB}.Debug|Any CPU.ActiveCfg = Debug|Any CPU
		{55B1A41F-45E5-49AA-8142-DD9027C2AEDB}.Debug|Any CPU.Build.0 = Debug|Any CPU
		{55B1A41F-45E5-49AA-8142-DD9027C2AEDB}.Debug|x64.ActiveCfg = Debug|x64
		{55B1A41F-45E5-49AA-8142-DD9027C2AEDB}.Debug|x64.Build.0 = Debug|x64
		{55B1A41F-45E5-49AA-8142-DD9027C2AEDB}.Debug|x86.ActiveCfg = Debug|x86
		{55B1A41F-45E5-49AA-8142-DD9027C2AEDB}.Debug|x86.Build.0 = Debug|x86
		{55B1A41F-45E5-49AA-8142-DD9027C2AEDB}.Release|Any CPU.ActiveCfg = Release|Any CPU
		{55B1A41F-45E5-49AA-8142-DD9027C2AEDB}.Release|Any CPU.Build.0 = Release|Any CPU
		{55B1A41F-45E5-49AA-8142-DD9027C2AEDB}.Release|x64.ActiveCfg = Release|x64
		{55B1A41F-45E5-49AA-8142-DD9027C2AEDB}.Release|x64.Build.0 = Release|x64
		{55B1A41F-45E5-49AA-8142-DD9027C2AEDB}.Release|x86.ActiveCfg = Release|x86
		{55B1A41F-45E5-49AA-8142-DD9027C2AEDB}.Release|x86.Build.0 = Release|x86
		{FE9A6BF3-99B9-4176-B241-7B4B5BD569F5}.Debug|Any CPU.ActiveCfg = Debug|Any CPU
		{FE9A6BF3-99B9-4176-B241-7B4B5BD569F5}.Debug|Any CPU.Build.0 = Debug|Any CPU
		{FE9A6BF3-99B9-4176-B241-7B4B5BD569F5}.Debug|x64.ActiveCfg = Debug|x64
		{FE9A6BF3-99B9-4176-B241-7B4B5BD569F5}.Debug|x64.Build.0 = Debug|x64
		{FE9A6BF3-99B9-4176-B241-7B4B5BD569F5}.Debug|x86.ActiveCfg = Debug|x86
		{FE9A6BF3-99B9-4176-B241-7B4B5BD569F5}.Debug|x86.Build.0 = Debug|x86
		{FE9A6BF3-99B9-4176-B241-7B4B5BD569F5}.Release|Any CPU.ActiveCfg = Release|Any CPU
		{FE9A6BF3-99B9-4176-B241-7B4B5BD569F5}.Release|Any CPU.Build.0 = Release|Any CPU
		{FE9A6BF3-99B9-4176-B241-7B4B5BD569F5}.Release|x64.ActiveCfg = Release|x64
		{FE9A6BF3-99B9-4176-B241-7B4B5BD569F5}.Release|x64.Build.0 = Release|x64
		{FE9A6BF3-99B9-4176-B241-7B4B5BD569F5}.Release|x86.ActiveCfg = Release|x86
		{FE9A6BF3-99B9-4176-B241-7B4B5BD569F5}.Release|x86.Build.0 = Release|x86
		{4E4653C6-8D5A-48A4-86D7-661C949BD9BC}.Debug|Any CPU.ActiveCfg = Debug|Any CPU
		{4E4653C6-8D5A-48A4-86D7-661C949BD9BC}.Debug|Any CPU.Build.0 = Debug|Any CPU
		{4E4653C6-8D5A-48A4-86D7-661C949BD9BC}.Debug|x64.ActiveCfg = Debug|x64
		{4E4653C6-8D5A-48A4-86D7-661C949BD9BC}.Debug|x64.Build.0 = Debug|x64
		{4E4653C6-8D5A-48A4-86D7-661C949BD9BC}.Debug|x86.ActiveCfg = Debug|x86
		{4E4653C6-8D5A-48A4-86D7-661C949BD9BC}.Debug|x86.Build.0 = Debug|x86
		{4E4653C6-8D5A-48A4-86D7-661C949BD9BC}.Release|Any CPU.ActiveCfg = Release|Any CPU
		{4E4653C6-8D5A-48A4-86D7-661C949BD9BC}.Release|Any CPU.Build.0 = Release|Any CPU
		{4E4653C6-8D5A-48A4-86D7-661C949BD9BC}.Release|x64.ActiveCfg = Release|x64
		{4E4653C6-8D5A-48A4-86D7-661C949BD9BC}.Release|x64.Build.0 = Release|x64
		{4E4653C6-8D5A-48A4-86D7-661C949BD9BC}.Release|x86.ActiveCfg = Release|x86
		{4E4653C6-8D5A-48A4-86D7-661C949BD9BC}.Release|x86.Build.0 = Release|x86
		{2A5394D2-0929-49CE-9185-791CA641C5D7}.Debug|Any CPU.ActiveCfg = Debug|Any CPU
		{2A5394D2-0929-49CE-9185-791CA641C5D7}.Debug|Any CPU.Build.0 = Debug|Any CPU
		{2A5394D2-0929-49CE-9185-791CA641C5D7}.Debug|x64.ActiveCfg = Debug|x64
		{2A5394D2-0929-49CE-9185-791CA641C5D7}.Debug|x64.Build.0 = Debug|x64
		{2A5394D2-0929-49CE-9185-791CA641C5D7}.Debug|x86.ActiveCfg = Debug|x86
		{2A5394D2-0929-49CE-9185-791CA641C5D7}.Debug|x86.Build.0 = Debug|x86
		{2A5394D2-0929-49CE-9185-791CA641C5D7}.Release|Any CPU.ActiveCfg = Release|Any CPU
		{2A5394D2-0929-49CE-9185-791CA641C5D7}.Release|Any CPU.Build.0 = Release|Any CPU
		{2A5394D2-0929-49CE-9185-791CA641C5D7}.Release|x64.ActiveCfg = Release|x64
		{2A5394D2-0929-49CE-9185-791CA641C5D7}.Release|x64.Build.0 = Release|x64
		{2A5394D2-0929-49CE-9185-791CA641C5D7}.Release|x86.ActiveCfg = Release|x86
		{2A5394D2-0929-49CE-9185-791CA641C5D7}.Release|x86.Build.0 = Release|x86
		{722BC1A0-35C3-4067-AAC9-5581413AF65D}.Debug|Any CPU.ActiveCfg = Debug|Any CPU
		{722BC1A0-35C3-4067-AAC9-5581413AF65D}.Debug|Any CPU.Build.0 = Debug|Any CPU
		{722BC1A0-35C3-4067-AAC9-5581413AF65D}.Debug|x64.ActiveCfg = Debug|x64
		{722BC1A0-35C3-4067-AAC9-5581413AF65D}.Debug|x64.Build.0 = Debug|x64
		{722BC1A0-35C3-4067-AAC9-5581413AF65D}.Debug|x86.ActiveCfg = Debug|x86
		{722BC1A0-35C3-4067-AAC9-5581413AF65D}.Debug|x86.Build.0 = Debug|x86
		{722BC1A0-35C3-4067-AAC9-5581413AF65D}.Release|Any CPU.ActiveCfg = Release|Any CPU
		{722BC1A0-35C3-4067-AAC9-5581413AF65D}.Release|Any CPU.Build.0 = Release|Any CPU
		{722BC1A0-35C3-4067-AAC9-5581413AF65D}.Release|x64.ActiveCfg = Release|x64
		{722BC1A0-35C3-4067-AAC9-5581413AF65D}.Release|x64.Build.0 = Release|x64
		{722BC1A0-35C3-4067-AAC9-5581413AF65D}.Release|x86.ActiveCfg = Release|x86
		{722BC1A0-35C3-4067-AAC9-5581413AF65D}.Release|x86.Build.0 = Release|x86
		{DFB709E1-BC33-406E-A86B-C1533C19B13E}.Debug|Any CPU.ActiveCfg = Debug|Any CPU
		{DFB709E1-BC33-406E-A86B-C1533C19B13E}.Debug|Any CPU.Build.0 = Debug|Any CPU
		{DFB709E1-BC33-406E-A86B-C1533C19B13E}.Debug|x64.ActiveCfg = Debug|x64
		{DFB709E1-BC33-406E-A86B-C1533C19B13E}.Debug|x64.Build.0 = Debug|x64
		{DFB709E1-BC33-406E-A86B-C1533C19B13E}.Debug|x86.ActiveCfg = Debug|x86
		{DFB709E1-BC33-406E-A86B-C1533C19B13E}.Debug|x86.Build.0 = Debug|x86
		{DFB709E1-BC33-406E-A86B-C1533C19B13E}.Release|Any CPU.ActiveCfg = Release|Any CPU
		{DFB709E1-BC33-406E-A86B-C1533C19B13E}.Release|Any CPU.Build.0 = Release|Any CPU
		{DFB709E1-BC33-406E-A86B-C1533C19B13E}.Release|x64.ActiveCfg = Release|x64
		{DFB709E1-BC33-406E-A86B-C1533C19B13E}.Release|x64.Build.0 = Release|x64
		{DFB709E1-BC33-406E-A86B-C1533C19B13E}.Release|x86.ActiveCfg = Release|x86
		{DFB709E1-BC33-406E-A86B-C1533C19B13E}.Release|x86.Build.0 = Release|x86
		{10805663-6284-476A-878F-AD0F97A6CF5E}.Debug|Any CPU.ActiveCfg = Debug|Any CPU
		{10805663-6284-476A-878F-AD0F97A6CF5E}.Debug|Any CPU.Build.0 = Debug|Any CPU
		{10805663-6284-476A-878F-AD0F97A6CF5E}.Debug|x64.ActiveCfg = Debug|x64
		{10805663-6284-476A-878F-AD0F97A6CF5E}.Debug|x64.Build.0 = Debug|x64
		{10805663-6284-476A-878F-AD0F97A6CF5E}.Debug|x86.ActiveCfg = Debug|x86
		{10805663-6284-476A-878F-AD0F97A6CF5E}.Debug|x86.Build.0 = Debug|x86
		{10805663-6284-476A-878F-AD0F97A6CF5E}.Release|Any CPU.ActiveCfg = Release|Any CPU
		{10805663-6284-476A-878F-AD0F97A6CF5E}.Release|Any CPU.Build.0 = Release|Any CPU
		{10805663-6284-476A-878F-AD0F97A6CF5E}.Release|x64.ActiveCfg = Release|x64
		{10805663-6284-476A-878F-AD0F97A6CF5E}.Release|x64.Build.0 = Release|x64
		{10805663-6284-476A-878F-AD0F97A6CF5E}.Release|x86.ActiveCfg = Release|x86
		{10805663-6284-476A-878F-AD0F97A6CF5E}.Release|x86.Build.0 = Release|x86
		{3C09D40E-8AE7-4A89-A8AB-FEADDA0859E5}.Debug|Any CPU.ActiveCfg = Debug|Any CPU
		{3C09D40E-8AE7-4A89-A8AB-FEADDA0859E5}.Debug|Any CPU.Build.0 = Debug|Any CPU
		{3C09D40E-8AE7-4A89-A8AB-FEADDA0859E5}.Debug|x64.ActiveCfg = Debug|x64
		{3C09D40E-8AE7-4A89-A8AB-FEADDA0859E5}.Debug|x64.Build.0 = Debug|x64
		{3C09D40E-8AE7-4A89-A8AB-FEADDA0859E5}.Debug|x86.ActiveCfg = Debug|x86
		{3C09D40E-8AE7-4A89-A8AB-FEADDA0859E5}.Debug|x86.Build.0 = Debug|x86
		{3C09D40E-8AE7-4A89-A8AB-FEADDA0859E5}.Release|Any CPU.ActiveCfg = Release|Any CPU
		{3C09D40E-8AE7-4A89-A8AB-FEADDA0859E5}.Release|Any CPU.Build.0 = Release|Any CPU
		{3C09D40E-8AE7-4A89-A8AB-FEADDA0859E5}.Release|x64.ActiveCfg = Release|x64
		{3C09D40E-8AE7-4A89-A8AB-FEADDA0859E5}.Release|x64.Build.0 = Release|x64
		{3C09D40E-8AE7-4A89-A8AB-FEADDA0859E5}.Release|x86.ActiveCfg = Release|x86
		{3C09D40E-8AE7-4A89-A8AB-FEADDA0859E5}.Release|x86.Build.0 = Release|x86
		{42092100-5856-4533-A7E4-0685B1F91A73}.Debug|Any CPU.ActiveCfg = Debug|Any CPU
		{42092100-5856-4533-A7E4-0685B1F91A73}.Debug|Any CPU.Build.0 = Debug|Any CPU
		{42092100-5856-4533-A7E4-0685B1F91A73}.Debug|x64.ActiveCfg = Debug|x64
		{42092100-5856-4533-A7E4-0685B1F91A73}.Debug|x64.Build.0 = Debug|x64
		{42092100-5856-4533-A7E4-0685B1F91A73}.Debug|x86.ActiveCfg = Debug|x86
		{42092100-5856-4533-A7E4-0685B1F91A73}.Debug|x86.Build.0 = Debug|x86
		{42092100-5856-4533-A7E4-0685B1F91A73}.Release|Any CPU.ActiveCfg = Release|Any CPU
		{42092100-5856-4533-A7E4-0685B1F91A73}.Release|Any CPU.Build.0 = Release|Any CPU
		{42092100-5856-4533-A7E4-0685B1F91A73}.Release|x64.ActiveCfg = Release|x64
		{42092100-5856-4533-A7E4-0685B1F91A73}.Release|x64.Build.0 = Release|x64
		{42092100-5856-4533-A7E4-0685B1F91A73}.Release|x86.ActiveCfg = Release|x86
		{42092100-5856-4533-A7E4-0685B1F91A73}.Release|x86.Build.0 = Release|x86
		{F94CCE31-DAF9-4299-B514-1B34DACCB8A6}.Debug|Any CPU.ActiveCfg = Debug|Any CPU
		{F94CCE31-DAF9-4299-B514-1B34DACCB8A6}.Debug|Any CPU.Build.0 = Debug|Any CPU
		{F94CCE31-DAF9-4299-B514-1B34DACCB8A6}.Debug|x64.ActiveCfg = Debug|x64
		{F94CCE31-DAF9-4299-B514-1B34DACCB8A6}.Debug|x64.Build.0 = Debug|x64
		{F94CCE31-DAF9-4299-B514-1B34DACCB8A6}.Debug|x86.ActiveCfg = Debug|x86
		{F94CCE31-DAF9-4299-B514-1B34DACCB8A6}.Debug|x86.Build.0 = Debug|x86
		{F94CCE31-DAF9-4299-B514-1B34DACCB8A6}.Release|Any CPU.ActiveCfg = Release|Any CPU
		{F94CCE31-DAF9-4299-B514-1B34DACCB8A6}.Release|Any CPU.Build.0 = Release|Any CPU
		{F94CCE31-DAF9-4299-B514-1B34DACCB8A6}.Release|x64.ActiveCfg = Release|x64
		{F94CCE31-DAF9-4299-B514-1B34DACCB8A6}.Release|x64.Build.0 = Release|x64
		{F94CCE31-DAF9-4299-B514-1B34DACCB8A6}.Release|x86.ActiveCfg = Release|x86
		{F94CCE31-DAF9-4299-B514-1B34DACCB8A6}.Release|x86.Build.0 = Release|x86
	EndGlobalSection
	GlobalSection(SolutionProperties) = preSolution
		HideSolutionNode = FALSE
	EndGlobalSection
	GlobalSection(NestedProjects) = preSolution
		{4F8A9113-42ED-471F-AB2B-EA8E993EFD76} = {46FA3607-7BFD-443E-90C2-D6C58CE23CCB}
		{7D9B5914-5D53-437B-B73D-01EA6AFBAB0A} = {46FA3607-7BFD-443E-90C2-D6C58CE23CCB}
		{48D9133C-FEAE-4385-8897-BBA5A2D11FB2} = {46FA3607-7BFD-443E-90C2-D6C58CE23CCB}
		{55B1A41F-45E5-49AA-8142-DD9027C2AEDB} = {46FA3607-7BFD-443E-90C2-D6C58CE23CCB}
		{FE9A6BF3-99B9-4176-B241-7B4B5BD569F5} = {46FA3607-7BFD-443E-90C2-D6C58CE23CCB}
		{4E4653C6-8D5A-48A4-86D7-661C949BD9BC} = {46FA3607-7BFD-443E-90C2-D6C58CE23CCB}
		{2A5394D2-0929-49CE-9185-791CA641C5D7} = {46FA3607-7BFD-443E-90C2-D6C58CE23CCB}
		{722BC1A0-35C3-4067-AAC9-5581413AF65D} = {46FA3607-7BFD-443E-90C2-D6C58CE23CCB}
		{FAA9AA9A-6AE9-4E1B-B6DB-B9B37EC1A95C} = {46FA3607-7BFD-443E-90C2-D6C58CE23CCB}
		{DFB709E1-BC33-406E-A86B-C1533C19B13E} = {FAA9AA9A-6AE9-4E1B-B6DB-B9B37EC1A95C}
		{10805663-6284-476A-878F-AD0F97A6CF5E} = {FAA9AA9A-6AE9-4E1B-B6DB-B9B37EC1A95C}
		{15877AEC-FE61-4D75-B0BB-7CE930A843C7} = {46FA3607-7BFD-443E-90C2-D6C58CE23CCB}
		{3C09D40E-8AE7-4A89-A8AB-FEADDA0859E5} = {15877AEC-FE61-4D75-B0BB-7CE930A843C7}
		{42092100-5856-4533-A7E4-0685B1F91A73} = {15877AEC-FE61-4D75-B0BB-7CE930A843C7}
	EndGlobalSection
	GlobalSection(ExtensibilityGlobals) = postSolution
		SolutionGuid = {28D9CFB5-D963-4C55-8990-8DD345A0E8F8}
	EndGlobalSection
EndGlobal
