
Microsoft Visual Studio Solution File, Format Version 12.00
# Visual Studio 15
VisualStudioVersion = 15.0.28010.2046
MinimumVisualStudioVersion = 10.0.40219.1
Project("{9A19103F-16F7-4668-BE54-9A1E7A4F7556}") = "Mina.Core", "Mina.NET\Mina.Core.csproj", "{6F53236B-BA53-47F3-9C82-7C67C0E1A24B}"
EndProject
Project("{2150E333-8FDC-42A3-9474-1A3956D46DE8}") = "Example", "Example", "{6FEDDC71-29BC-4210-A7B9-B61412619CA5}"
EndProject
Project("{9A19103F-16F7-4668-BE54-9A1E7A4F7556}") = "EchoServer.Core", "Mina.Example\EchoServer\EchoServer.Core.csproj", "{459DEBB9-2D8D-411B-B489-BF15FE92D85C}"
EndProject
Project("{9A19103F-16F7-4668-BE54-9A1E7A4F7556}") = "Haiku.Core", "Mina.Example\Haiku\Haiku.Core.csproj", "{62880DBD-7532-44DD-B9D9-3E76DCB5C8E1}"
EndProject
Project("{9A19103F-16F7-4668-BE54-9A1E7A4F7556}") = "MulticastUDP.Core", "Mina.Example\MulticastUDP\MulticastUDP.Core.csproj", "{4717D603-91D7-4CA2-A3B7-E73AF701B5F3}"
EndProject
Project("{9A19103F-16F7-4668-BE54-9A1E7A4F7556}") = "NetCat.Core", "Mina.Example\NetCat\NetCat.Core.csproj", "{41A0C6D9-B51B-4FE6-BA3C-36C3FD34A6B8}"
EndProject
Project("{9A19103F-16F7-4668-BE54-9A1E7A4F7556}") = "Reverser.Core", "Mina.Example\Reverser\Reverser.Core.csproj", "{D375EF7E-0585-4617-88E6-5310D4DA1C89}"
EndProject
Project("{9A19103F-16F7-4668-BE54-9A1E7A4F7556}") = "SumUp.Core", "Mina.Example\SumUp\SumUp.Core.csproj", "{2E613B56-B9E0-4A41-8BF3-67F7E4025887}"
EndProject
Project("{9A19103F-16F7-4668-BE54-9A1E7A4F7556}") = "Tennis.Core", "Mina.Example\Tennis\Tennis.Core.csproj", "{3297FB35-475F-421E-85FA-A9EEB8B2F59E}"
EndProject
Project("{9A19103F-16F7-4668-BE54-9A1E7A4F7556}") = "Udp.Core", "Mina.Example\Udp\Udp.Core.csproj", "{DED023CD-60D2-4590-BFD5-1B8CE10D925F}"
EndProject
Project("{2150E333-8FDC-42A3-9474-1A3956D46DE8}") = "GettingStarted", "GettingStarted", "{F88938AD-C76C-4DC1-8C7C-DAF8D0154716}"
EndProject
Project("{2150E333-8FDC-42A3-9474-1A3956D46DE8}") = "Chat", "Chat", "{4BBD1612-FF51-4227-B599-B74C3EC6A5BF}"
EndProject
Project("{9A19103F-16F7-4668-BE54-9A1E7A4F7556}") = "TimeServer.Core", "Mina.Example\GettingStarted\TimeServer\TimeServer.Core.csproj", "{EB9BEF51-8314-4A8C-8647-1AF3233B23EA}"
EndProject
Global
	GlobalSection(SolutionConfigurationPlatforms) = preSolution
		Debug|Any CPU = Debug|Any CPU
		Release|Any CPU = Release|Any CPU
	EndGlobalSection
	GlobalSection(ProjectConfigurationPlatforms) = postSolution
		{6F53236B-BA53-47F3-9C82-7C67C0E1A24B}.Debug|Any CPU.ActiveCfg = Debug|Any CPU
		{6F53236B-BA53-47F3-9C82-7C67C0E1A24B}.Debug|Any CPU.Build.0 = Debug|Any CPU
		{6F53236B-BA53-47F3-9C82-7C67C0E1A24B}.Release|Any CPU.ActiveCfg = Release|Any CPU
		{6F53236B-BA53-47F3-9C82-7C67C0E1A24B}.Release|Any CPU.Build.0 = Release|Any CPU
		{459DEBB9-2D8D-411B-B489-BF15FE92D85C}.Debug|Any CPU.ActiveCfg = Debug|Any CPU
		{459DEBB9-2D8D-411B-B489-BF15FE92D85C}.Debug|Any CPU.Build.0 = Debug|Any CPU
		{459DEBB9-2D8D-411B-B489-BF15FE92D85C}.Release|Any CPU.ActiveCfg = Release|Any CPU
		{459DEBB9-2D8D-411B-B489-BF15FE92D85C}.Release|Any CPU.Build.0 = Release|Any CPU
		{62880DBD-7532-44DD-B9D9-3E76DCB5C8E1}.Debug|Any CPU.ActiveCfg = Debug|Any CPU
		{62880DBD-7532-44DD-B9D9-3E76DCB5C8E1}.Debug|Any CPU.Build.0 = Debug|Any CPU
		{62880DBD-7532-44DD-B9D9-3E76DCB5C8E1}.Release|Any CPU.ActiveCfg = Release|Any CPU
		{62880DBD-7532-44DD-B9D9-3E76DCB5C8E1}.Release|Any CPU.Build.0 = Release|Any CPU
		{4717D603-91D7-4CA2-A3B7-E73AF701B5F3}.Debug|Any CPU.ActiveCfg = Debug|Any CPU
		{4717D603-91D7-4CA2-A3B7-E73AF701B5F3}.Debug|Any CPU.Build.0 = Debug|Any CPU
		{4717D603-91D7-4CA2-A3B7-E73AF701B5F3}.Release|Any CPU.ActiveCfg = Release|Any CPU
		{4717D603-91D7-4CA2-A3B7-E73AF701B5F3}.Release|Any CPU.Build.0 = Release|Any CPU
		{41A0C6D9-B51B-4FE6-BA3C-36C3FD34A6B8}.Debug|Any CPU.ActiveCfg = Debug|Any CPU
		{41A0C6D9-B51B-4FE6-BA3C-36C3FD34A6B8}.Debug|Any CPU.Build.0 = Debug|Any CPU
		{41A0C6D9-B51B-4FE6-BA3C-36C3FD34A6B8}.Release|Any CPU.ActiveCfg = Release|Any CPU
		{41A0C6D9-B51B-4FE6-BA3C-36C3FD34A6B8}.Release|Any CPU.Build.0 = Release|Any CPU
		{D375EF7E-0585-4617-88E6-5310D4DA1C89}.Debug|Any CPU.ActiveCfg = Debug|Any CPU
		{D375EF7E-0585-4617-88E6-5310D4DA1C89}.Debug|Any CPU.Build.0 = Debug|Any CPU
		{D375EF7E-0585-4617-88E6-5310D4DA1C89}.Release|Any CPU.ActiveCfg = Release|Any CPU
		{D375EF7E-0585-4617-88E6-5310D4DA1C89}.Release|Any CPU.Build.0 = Release|Any CPU
		{2E613B56-B9E0-4A41-8BF3-67F7E4025887}.Debug|Any CPU.ActiveCfg = Debug|Any CPU
		{2E613B56-B9E0-4A41-8BF3-67F7E4025887}.Debug|Any CPU.Build.0 = Debug|Any CPU
		{2E613B56-B9E0-4A41-8BF3-67F7E4025887}.Release|Any CPU.ActiveCfg = Release|Any CPU
		{2E613B56-B9E0-4A41-8BF3-67F7E4025887}.Release|Any CPU.Build.0 = Release|Any CPU
		{3297FB35-475F-421E-85FA-A9EEB8B2F59E}.Debug|Any CPU.ActiveCfg = Debug|Any CPU
		{3297FB35-475F-421E-85FA-A9EEB8B2F59E}.Debug|Any CPU.Build.0 = Debug|Any CPU
		{3297FB35-475F-421E-85FA-A9EEB8B2F59E}.Release|Any CPU.ActiveCfg = Release|Any CPU
		{3297FB35-475F-421E-85FA-A9EEB8B2F59E}.Release|Any CPU.Build.0 = Release|Any CPU
		{DED023CD-60D2-4590-BFD5-1B8CE10D925F}.Debug|Any CPU.ActiveCfg = Debug|Any CPU
		{DED023CD-60D2-4590-BFD5-1B8CE10D925F}.Debug|Any CPU.Build.0 = Debug|Any CPU
		{DED023CD-60D2-4590-BFD5-1B8CE10D925F}.Release|Any CPU.ActiveCfg = Release|Any CPU
		{DED023CD-60D2-4590-BFD5-1B8CE10D925F}.Release|Any CPU.Build.0 = Release|Any CPU
		{EB9BEF51-8314-4A8C-8647-1AF3233B23EA}.Debug|Any CPU.ActiveCfg = Debug|Any CPU
		{EB9BEF51-8314-4A8C-8647-1AF3233B23EA}.Debug|Any CPU.Build.0 = Debug|Any CPU
		{EB9BEF51-8314-4A8C-8647-1AF3233B23EA}.Release|Any CPU.ActiveCfg = Release|Any CPU
		{EB9BEF51-8314-4A8C-8647-1AF3233B23EA}.Release|Any CPU.Build.0 = Release|Any CPU
	EndGlobalSection
	GlobalSection(SolutionProperties) = preSolution
		HideSolutionNode = FALSE
	EndGlobalSection
	GlobalSection(NestedProjects) = preSolution
		{459DEBB9-2D8D-411B-B489-BF15FE92D85C} = {6FEDDC71-29BC-4210-A7B9-B61412619CA5}
		{62880DBD-7532-44DD-B9D9-3E76DCB5C8E1} = {6FEDDC71-29BC-4210-A7B9-B61412619CA5}
		{4717D603-91D7-4CA2-A3B7-E73AF701B5F3} = {6FEDDC71-29BC-4210-A7B9-B61412619CA5}
		{41A0C6D9-B51B-4FE6-BA3C-36C3FD34A6B8} = {6FEDDC71-29BC-4210-A7B9-B61412619CA5}
		{D375EF7E-0585-4617-88E6-5310D4DA1C89} = {6FEDDC71-29BC-4210-A7B9-B61412619CA5}
		{2E613B56-B9E0-4A41-8BF3-67F7E4025887} = {6FEDDC71-29BC-4210-A7B9-B61412619CA5}
		{3297FB35-475F-421E-85FA-A9EEB8B2F59E} = {6FEDDC71-29BC-4210-A7B9-B61412619CA5}
		{DED023CD-60D2-4590-BFD5-1B8CE10D925F} = {6FEDDC71-29BC-4210-A7B9-B61412619CA5}
		{F88938AD-C76C-4DC1-8C7C-DAF8D0154716} = {6FEDDC71-29BC-4210-A7B9-B61412619CA5}
		{4BBD1612-FF51-4227-B599-B74C3EC6A5BF} = {6FEDDC71-29BC-4210-A7B9-B61412619CA5}
		{EB9BEF51-8314-4A8C-8647-1AF3233B23EA} = {F88938AD-C76C-4DC1-8C7C-DAF8D0154716}
	EndGlobalSection
	GlobalSection(ExtensibilityGlobals) = postSolution
		SolutionGuid = {7D92D964-8967-4CD7-8004-E00AA3464F2A}
	EndGlobalSection
EndGlobal
